
Microsoft Visual Studio Solution File, Format Version 12.00
# Visual Studio Version 17
VisualStudioVersion = 17.5.33627.172
MinimumVisualStudioVersion = 10.0.40219.1
Project("{9A19103F-16F7-4668-BE54-9A1E7A4F7556}") = "ThingsSales.Web", "ThingsSales.Web\ThingsSales.Web.csproj", "{09326AE5-5C22-484C-B51A-2CD0244A0DB7}"
EndProject
Project("{9A19103F-16F7-4668-BE54-9A1E7A4F7556}") = "ThingsSales.Model", "ThingsSales.Model\ThingsSales.Model.csproj", "{7C6EB1C5-CA72-4328-A31D-37665DCB08A5}"
EndProject
Project("{9A19103F-16F7-4668-BE54-9A1E7A4F7556}") = "ThingsSales.Data", "ThingsSales.Data\ThingsSales.Data.csproj", "{0E227822-3B00-4104-A9D7-5212B7B5559C}"
EndProject
Project("{FAE04EC0-301F-11D3-BF4B-00C04F79EFBC}") = "ThingsSales.Service", "ThingsSales.Service\ThingsSales.Service.csproj", "{77196F1F-4F1D-4AE3-90CB-0F0D29C5352F}"
EndProject
Global
	GlobalSection(SolutionConfigurationPlatforms) = preSolution
		Debug|Any CPU = Debug|Any CPU
		Release|Any CPU = Release|Any CPU
	EndGlobalSection
	GlobalSection(ProjectConfigurationPlatforms) = postSolution
		{09326AE5-5C22-484C-B51A-2CD0244A0DB7}.Debug|Any CPU.ActiveCfg = Debug|Any CPU
		{09326AE5-5C22-484C-B51A-2CD0244A0DB7}.Debug|Any CPU.Build.0 = Debug|Any CPU
		{09326AE5-5C22-484C-B51A-2CD0244A0DB7}.Release|Any CPU.ActiveCfg = Release|Any CPU
		{09326AE5-5C22-484C-B51A-2CD0244A0DB7}.Release|Any CPU.Build.0 = Release|Any CPU
		{7C6EB1C5-CA72-4328-A31D-37665DCB08A5}.Debug|Any CPU.ActiveCfg = Debug|Any CPU
		{7C6EB1C5-CA72-4328-A31D-37665DCB08A5}.Debug|Any CPU.Build.0 = Debug|Any CPU
		{7C6EB1C5-CA72-4328-A31D-37665DCB08A5}.Release|Any CPU.ActiveCfg = Release|Any CPU
		{7C6EB1C5-CA72-4328-A31D-37665DCB08A5}.Release|Any CPU.Build.0 = Release|Any CPU
		{0E227822-3B00-4104-A9D7-5212B7B5559C}.Debug|Any CPU.ActiveCfg = Debug|Any CPU
		{0E227822-3B00-4104-A9D7-5212B7B5559C}.Debug|Any CPU.Build.0 = Debug|Any CPU
		{0E227822-3B00-4104-A9D7-5212B7B5559C}.Release|Any CPU.ActiveCfg = Release|Any CPU
		{0E227822-3B00-4104-A9D7-5212B7B5559C}.Release|Any CPU.Build.0 = Release|Any CPU
		{77196F1F-4F1D-4AE3-90CB-0F0D29C5352F}.Debug|Any CPU.ActiveCfg = Debug|Any CPU
		{77196F1F-4F1D-4AE3-90CB-0F0D29C5352F}.Debug|Any CPU.Build.0 = Debug|Any CPU
		{77196F1F-4F1D-4AE3-90CB-0F0D29C5352F}.Release|Any CPU.ActiveCfg = Release|Any CPU
		{77196F1F-4F1D-4AE3-90CB-0F0D29C5352F}.Release|Any CPU.Build.0 = Release|Any CPU
	EndGlobalSection
	GlobalSection(SolutionProperties) = preSolution
		HideSolutionNode = FALSE
	EndGlobalSection
	GlobalSection(ExtensibilityGlobals) = postSolution
		SolutionGuid = {FC17B171-38F3-4307-BFB4-A5BE48821DE6}
	EndGlobalSection
EndGlobal
